// !$*UTF8*$!
{
	archiveVersion = 1;
	classes = {
	};
	objectVersion = 48;
	objects = {

/* Begin PBXBuildFile section */
		552833CF2052ECA200AF90C7 /* AppDelegate.swift in Sources */ = {isa = PBXBuildFile; fileRef = 552833CE2052ECA200AF90C7 /* AppDelegate.swift */; };
		552833D12052ECA200AF90C7 /* ViewController.swift in Sources */ = {isa = PBXBuildFile; fileRef = 552833D02052ECA200AF90C7 /* ViewController.swift */; };
		552833D42052ECA200AF90C7 /* Main.storyboard in Resources */ = {isa = PBXBuildFile; fileRef = 552833D22052ECA200AF90C7 /* Main.storyboard */; };
		552833D62052ECA200AF90C7 /* Assets.xcassets in Resources */ = {isa = PBXBuildFile; fileRef = 552833D52052ECA200AF90C7 /* Assets.xcassets */; };
		552833D92052ECA200AF90C7 /* LaunchScreen.storyboard in Resources */ = {isa = PBXBuildFile; fileRef = 552833D72052ECA200AF90C7 /* LaunchScreen.storyboard */; };
		552833E42052ECA200AF90C7 /* MuskleTests.swift in Sources */ = {isa = PBXBuildFile; fileRef = 552833E32052ECA200AF90C7 /* MuskleTests.swift */; };
		552833EF2052ECA200AF90C7 /* MuskleUITests.swift in Sources */ = {isa = PBXBuildFile; fileRef = 552833EE2052ECA200AF90C7 /* MuskleUITests.swift */; };
/* End PBXBuildFile section */

/* Begin PBXContainerItemProxy section */
		552833E02052ECA200AF90C7 /* PBXContainerItemProxy */ = {
			isa = PBXContainerItemProxy;
			containerPortal = 552833C32052ECA100AF90C7 /* Project object */;
			proxyType = 1;
			remoteGlobalIDString = 552833CA2052ECA200AF90C7;
			remoteInfo = Muskle;
		};
		552833EB2052ECA200AF90C7 /* PBXContainerItemProxy */ = {
			isa = PBXContainerItemProxy;
			containerPortal = 552833C32052ECA100AF90C7 /* Project object */;
			proxyType = 1;
			remoteGlobalIDString = 552833CA2052ECA200AF90C7;
			remoteInfo = Muskle;
		};
/* End PBXContainerItemProxy section */

/* Begin PBXFileReference section */
		552833CB2052ECA200AF90C7 /* Muskle.app */ = {isa = PBXFileReference; explicitFileType = wrapper.application; includeInIndex = 0; path = Muskle.app; sourceTree = BUILT_PRODUCTS_DIR; };
		552833CE2052ECA200AF90C7 /* AppDelegate.swift */ = {isa = PBXFileReference; lastKnownFileType = sourcecode.swift; path = AppDelegate.swift; sourceTree = "<group>"; };
		552833D02052ECA200AF90C7 /* ViewController.swift */ = {isa = PBXFileReference; lastKnownFileType = sourcecode.swift; path = ViewController.swift; sourceTree = "<group>"; };
		552833D32052ECA200AF90C7 /* Base */ = {isa = PBXFileReference; lastKnownFileType = file.storyboard; name = Base; path = Base.lproj/Main.storyboard; sourceTree = "<group>"; };
		552833D52052ECA200AF90C7 /* Assets.xcassets */ = {isa = PBXFileReference; lastKnownFileType = folder.assetcatalog; path = Assets.xcassets; sourceTree = "<group>"; };
		552833D82052ECA200AF90C7 /* Base */ = {isa = PBXFileReference; lastKnownFileType = file.storyboard; name = Base; path = Base.lproj/LaunchScreen.storyboard; sourceTree = "<group>"; };
		552833DA2052ECA200AF90C7 /* Info.plist */ = {isa = PBXFileReference; lastKnownFileType = text.plist.xml; path = Info.plist; sourceTree = "<group>"; };
		552833DF2052ECA200AF90C7 /* MuskleTests.xctest */ = {isa = PBXFileReference; explicitFileType = wrapper.cfbundle; includeInIndex = 0; path = MuskleTests.xctest; sourceTree = BUILT_PRODUCTS_DIR; };
		552833E32052ECA200AF90C7 /* MuskleTests.swift */ = {isa = PBXFileReference; lastKnownFileType = sourcecode.swift; path = MuskleTests.swift; sourceTree = "<group>"; };
		552833E52052ECA200AF90C7 /* Info.plist */ = {isa = PBXFileReference; lastKnownFileType = text.plist.xml; path = Info.plist; sourceTree = "<group>"; };
		552833EA2052ECA200AF90C7 /* MuskleUITests.xctest */ = {isa = PBXFileReference; explicitFileType = wrapper.cfbundle; includeInIndex = 0; path = MuskleUITests.xctest; sourceTree = BUILT_PRODUCTS_DIR; };
		552833EE2052ECA200AF90C7 /* MuskleUITests.swift */ = {isa = PBXFileReference; lastKnownFileType = sourcecode.swift; path = MuskleUITests.swift; sourceTree = "<group>"; };
		552833F02052ECA200AF90C7 /* Info.plist */ = {isa = PBXFileReference; lastKnownFileType = text.plist.xml; path = Info.plist; sourceTree = "<group>"; };
/* End PBXFileReference section */

/* Begin PBXFrameworksBuildPhase section */
		552833C82052ECA200AF90C7 /* Frameworks */ = {
			isa = PBXFrameworksBuildPhase;
			buildActionMask = 2147483647;
			files = (
			);
			runOnlyForDeploymentPostprocessing = 0;
		};
		552833DC2052ECA200AF90C7 /* Frameworks */ = {
			isa = PBXFrameworksBuildPhase;
			buildActionMask = 2147483647;
			files = (
			);
			runOnlyForDeploymentPostprocessing = 0;
		};
		552833E72052ECA200AF90C7 /* Frameworks */ = {
			isa = PBXFrameworksBuildPhase;
			buildActionMask = 2147483647;
			files = (
			);
			runOnlyForDeploymentPostprocessing = 0;
		};
/* End PBXFrameworksBuildPhase section */

/* Begin PBXGroup section */
		552833C22052ECA100AF90C7 = {
			isa = PBXGroup;
			children = (
				552833CD2052ECA200AF90C7 /* Muskle */,
				552833E22052ECA200AF90C7 /* MuskleTests */,
				552833ED2052ECA200AF90C7 /* MuskleUITests */,
				552833CC2052ECA200AF90C7 /* Products */,
			);
			sourceTree = "<group>";
		};
		552833CC2052ECA200AF90C7 /* Products */ = {
			isa = PBXGroup;
			children = (
				552833CB2052ECA200AF90C7 /* Muskle.app */,
				552833DF2052ECA200AF90C7 /* MuskleTests.xctest */,
				552833EA2052ECA200AF90C7 /* MuskleUITests.xctest */,
			);
			name = Products;
			sourceTree = "<group>";
		};
		552833CD2052ECA200AF90C7 /* Muskle */ = {
			isa = PBXGroup;
			children = (
				552833CE2052ECA200AF90C7 /* AppDelegate.swift */,
				552833D02052ECA200AF90C7 /* ViewController.swift */,
				552833D22052ECA200AF90C7 /* Main.storyboard */,
				552833D52052ECA200AF90C7 /* Assets.xcassets */,
				552833D72052ECA200AF90C7 /* LaunchScreen.storyboard */,
				552833DA2052ECA200AF90C7 /* Info.plist */,
			);
			path = Muskle;
			sourceTree = "<group>";
		};
		552833E22052ECA200AF90C7 /* MuskleTests */ = {
			isa = PBXGroup;
			children = (
				552833E32052ECA200AF90C7 /* MuskleTests.swift */,
				552833E52052ECA200AF90C7 /* Info.plist */,
			);
			path = MuskleTests;
			sourceTree = "<group>";
		};
		552833ED2052ECA200AF90C7 /* MuskleUITests */ = {
			isa = PBXGroup;
			children = (
				552833EE2052ECA200AF90C7 /* MuskleUITests.swift */,
				552833F02052ECA200AF90C7 /* Info.plist */,
			);
			path = MuskleUITests;
			sourceTree = "<group>";
		};
/* End PBXGroup section */

/* Begin PBXNativeTarget section */
		552833CA2052ECA200AF90C7 /* Muskle */ = {
			isa = PBXNativeTarget;
			buildConfigurationList = 552833F32052ECA200AF90C7 /* Build configuration list for PBXNativeTarget "Muskle" */;
			buildPhases = (
				552833C72052ECA200AF90C7 /* Sources */,
				552833C82052ECA200AF90C7 /* Frameworks */,
				552833C92052ECA200AF90C7 /* Resources */,
			);
			buildRules = (
			);
			dependencies = (
			);
			name = Muskle;
			productName = Muskle;
			productReference = 552833CB2052ECA200AF90C7 /* Muskle.app */;
			productType = "com.apple.product-type.application";
		};
		552833DE2052ECA200AF90C7 /* MuskleTests */ = {
			isa = PBXNativeTarget;
			buildConfigurationList = 552833F62052ECA200AF90C7 /* Build configuration list for PBXNativeTarget "MuskleTests" */;
			buildPhases = (
				552833DB2052ECA200AF90C7 /* Sources */,
				552833DC2052ECA200AF90C7 /* Frameworks */,
				552833DD2052ECA200AF90C7 /* Resources */,
			);
			buildRules = (
			);
			dependencies = (
				552833E12052ECA200AF90C7 /* PBXTargetDependency */,
			);
			name = MuskleTests;
			productName = MuskleTests;
			productReference = 552833DF2052ECA200AF90C7 /* MuskleTests.xctest */;
			productType = "com.apple.product-type.bundle.unit-test";
		};
		552833E92052ECA200AF90C7 /* MuskleUITests */ = {
			isa = PBXNativeTarget;
			buildConfigurationList = 552833F92052ECA200AF90C7 /* Build configuration list for PBXNativeTarget "MuskleUITests" */;
			buildPhases = (
				552833E62052ECA200AF90C7 /* Sources */,
				552833E72052ECA200AF90C7 /* Frameworks */,
				552833E82052ECA200AF90C7 /* Resources */,
			);
			buildRules = (
			);
			dependencies = (
				552833EC2052ECA200AF90C7 /* PBXTargetDependency */,
			);
			name = MuskleUITests;
			productName = MuskleUITests;
			productReference = 552833EA2052ECA200AF90C7 /* MuskleUITests.xctest */;
			productType = "com.apple.product-type.bundle.ui-testing";
		};
/* End PBXNativeTarget section */

/* Begin PBXProject section */
		552833C32052ECA100AF90C7 /* Project object */ = {
			isa = PBXProject;
			attributes = {
				LastSwiftUpdateCheck = 0920;
				LastUpgradeCheck = 0920;
				ORGANIZATIONNAME = "Thomas Domingues";
				TargetAttributes = {
					552833CA2052ECA200AF90C7 = {
						CreatedOnToolsVersion = 9.2;
						ProvisioningStyle = Automatic;
					};
					552833DE2052ECA200AF90C7 = {
						CreatedOnToolsVersion = 9.2;
						ProvisioningStyle = Automatic;
						TestTargetID = 552833CA2052ECA200AF90C7;
					};
					552833E92052ECA200AF90C7 = {
						CreatedOnToolsVersion = 9.2;
						ProvisioningStyle = Automatic;
						TestTargetID = 552833CA2052ECA200AF90C7;
					};
				};
			};
			buildConfigurationList = 552833C62052ECA100AF90C7 /* Build configuration list for PBXProject "Muskle" */;
			compatibilityVersion = "Xcode 8.0";
			developmentRegion = en;
			hasScannedForEncodings = 0;
			knownRegions = (
				en,
				Base,
			);
			mainGroup = 552833C22052ECA100AF90C7;
			productRefGroup = 552833CC2052ECA200AF90C7 /* Products */;
			projectDirPath = "";
			projectRoot = "";
			targets = (
				552833CA2052ECA200AF90C7 /* Muskle */,
				552833DE2052ECA200AF90C7 /* MuskleTests */,
				552833E92052ECA200AF90C7 /* MuskleUITests */,
			);
		};
/* End PBXProject section */

/* Begin PBXResourcesBuildPhase section */
		552833C92052ECA200AF90C7 /* Resources */ = {
			isa = PBXResourcesBuildPhase;
			buildActionMask = 2147483647;
			files = (
				552833D92052ECA200AF90C7 /* LaunchScreen.storyboard in Resources */,
				552833D62052ECA200AF90C7 /* Assets.xcassets in Resources */,
				552833D42052ECA200AF90C7 /* Main.storyboard in Resources */,
			);
			runOnlyForDeploymentPostprocessing = 0;
		};
		552833DD2052ECA200AF90C7 /* Resources */ = {
			isa = PBXResourcesBuildPhase;
			buildActionMask = 2147483647;
			files = (
			);
			runOnlyForDeploymentPostprocessing = 0;
		};
		552833E82052ECA200AF90C7 /* Resources */ = {
			isa = PBXResourcesBuildPhase;
			buildActionMask = 2147483647;
			files = (
			);
			runOnlyForDeploymentPostprocessing = 0;
		};
/* End PBXResourcesBuildPhase section */

/* Begin PBXSourcesBuildPhase section */
		552833C72052ECA200AF90C7 /* Sources */ = {
			isa = PBXSourcesBuildPhase;
			buildActionMask = 2147483647;
			files = (
				552833D12052ECA200AF90C7 /* ViewController.swift in Sources */,
				552833CF2052ECA200AF90C7 /* AppDelegate.swift in Sources */,
			);
			runOnlyForDeploymentPostprocessing = 0;
		};
		552833DB2052ECA200AF90C7 /* Sources */ = {
			isa = PBXSourcesBuildPhase;
			buildActionMask = 2147483647;
			files = (
				552833E42052ECA200AF90C7 /* MuskleTests.swift in Sources */,
			);
			runOnlyForDeploymentPostprocessing = 0;
		};
		552833E62052ECA200AF90C7 /* Sources */ = {
			isa = PBXSourcesBuildPhase;
			buildActionMask = 2147483647;
			files = (
				552833EF2052ECA200AF90C7 /* MuskleUITests.swift in Sources */,
			);
			runOnlyForDeploymentPostprocessing = 0;
		};
/* End PBXSourcesBuildPhase section */

/* Begin PBXTargetDependency section */
		552833E12052ECA200AF90C7 /* PBXTargetDependency */ = {
			isa = PBXTargetDependency;
			target = 552833CA2052ECA200AF90C7 /* Muskle */;
			targetProxy = 552833E02052ECA200AF90C7 /* PBXContainerItemProxy */;
		};
		552833EC2052ECA200AF90C7 /* PBXTargetDependency */ = {
			isa = PBXTargetDependency;
			target = 552833CA2052ECA200AF90C7 /* Muskle */;
			targetProxy = 552833EB2052ECA200AF90C7 /* PBXContainerItemProxy */;
		};
/* End PBXTargetDependency section */

/* Begin PBXVariantGroup section */
		552833D22052ECA200AF90C7 /* Main.storyboard */ = {
			isa = PBXVariantGroup;
			children = (
				552833D32052ECA200AF90C7 /* Base */,
			);
			name = Main.storyboard;
			sourceTree = "<group>";
		};
		552833D72052ECA200AF90C7 /* LaunchScreen.storyboard */ = {
			isa = PBXVariantGroup;
			children = (
				552833D82052ECA200AF90C7 /* Base */,
			);
			name = LaunchScreen.storyboard;
			sourceTree = "<group>";
		};
/* End PBXVariantGroup section */

/* Begin XCBuildConfiguration section */
		552833F12052ECA200AF90C7 /* Debug */ = {
			isa = XCBuildConfiguration;
			buildSettings = {
				ALWAYS_SEARCH_USER_PATHS = NO;
				CLANG_ANALYZER_NONNULL = YES;
				CLANG_ANALYZER_NUMBER_OBJECT_CONVERSION = YES_AGGRESSIVE;
				CLANG_CXX_LANGUAGE_STANDARD = "gnu++14";
				CLANG_CXX_LIBRARY = "libc++";
				CLANG_ENABLE_MODULES = YES;
				CLANG_ENABLE_OBJC_ARC = YES;
				CLANG_WARN_BLOCK_CAPTURE_AUTORELEASING = YES;
				CLANG_WARN_BOOL_CONVERSION = YES;
				CLANG_WARN_COMMA = YES;
				CLANG_WARN_CONSTANT_CONVERSION = YES;
				CLANG_WARN_DIRECT_OBJC_ISA_USAGE = YES_ERROR;
				CLANG_WARN_DOCUMENTATION_COMMENTS = YES;
				CLANG_WARN_EMPTY_BODY = YES;
				CLANG_WARN_ENUM_CONVERSION = YES;
				CLANG_WARN_INFINITE_RECURSION = YES;
				CLANG_WARN_INT_CONVERSION = YES;
				CLANG_WARN_NON_LITERAL_NULL_CONVERSION = YES;
				CLANG_WARN_OBJC_LITERAL_CONVERSION = YES;
				CLANG_WARN_OBJC_ROOT_CLASS = YES_ERROR;
				CLANG_WARN_RANGE_LOOP_ANALYSIS = YES;
				CLANG_WARN_STRICT_PROTOTYPES = YES;
				CLANG_WARN_SUSPICIOUS_MOVE = YES;
				CLANG_WARN_UNGUARDED_AVAILABILITY = YES_AGGRESSIVE;
				CLANG_WARN_UNREACHABLE_CODE = YES;
				CLANG_WARN__DUPLICATE_METHOD_MATCH = YES;
				CODE_SIGN_IDENTITY = "iPhone Developer";
				COPY_PHASE_STRIP = NO;
				DEBUG_INFORMATION_FORMAT = dwarf;
				ENABLE_STRICT_OBJC_MSGSEND = YES;
				ENABLE_TESTABILITY = YES;
				GCC_C_LANGUAGE_STANDARD = gnu11;
				GCC_DYNAMIC_NO_PIC = NO;
				GCC_NO_COMMON_BLOCKS = YES;
				GCC_OPTIMIZATION_LEVEL = 0;
				GCC_PREPROCESSOR_DEFINITIONS = (
					"DEBUG=1",
					"$(inherited)",
				);
				GCC_WARN_64_TO_32_BIT_CONVERSION = YES;
				GCC_WARN_ABOUT_RETURN_TYPE = YES_ERROR;
				GCC_WARN_UNDECLARED_SELECTOR = YES;
				GCC_WARN_UNINITIALIZED_AUTOS = YES_AGGRESSIVE;
				GCC_WARN_UNUSED_FUNCTION = YES;
				GCC_WARN_UNUSED_VARIABLE = YES;
				IPHONEOS_DEPLOYMENT_TARGET = 11.2;
				MTL_ENABLE_DEBUG_INFO = YES;
				ONLY_ACTIVE_ARCH = YES;
				SDKROOT = iphoneos;
				SWIFT_ACTIVE_COMPILATION_CONDITIONS = DEBUG;
				SWIFT_OPTIMIZATION_LEVEL = "-Onone";
			};
			name = Debug;
		};
		552833F22052ECA200AF90C7 /* Release */ = {
			isa = XCBuildConfiguration;
			buildSettings = {
				ALWAYS_SEARCH_USER_PATHS = NO;
				CLANG_ANALYZER_NONNULL = YES;
				CLANG_ANALYZER_NUMBER_OBJECT_CONVERSION = YES_AGGRESSIVE;
				CLANG_CXX_LANGUAGE_STANDARD = "gnu++14";
				CLANG_CXX_LIBRARY = "libc++";
				CLANG_ENABLE_MODULES = YES;
				CLANG_ENABLE_OBJC_ARC = YES;
				CLANG_WARN_BLOCK_CAPTURE_AUTORELEASING = YES;
				CLANG_WARN_BOOL_CONVERSION = YES;
				CLANG_WARN_COMMA = YES;
				CLANG_WARN_CONSTANT_CONVERSION = YES;
				CLANG_WARN_DIRECT_OBJC_ISA_USAGE = YES_ERROR;
				CLANG_WARN_DOCUMENTATION_COMMENTS = YES;
				CLANG_WARN_EMPTY_BODY = YES;
				CLANG_WARN_ENUM_CONVERSION = YES;
				CLANG_WARN_INFINITE_RECURSION = YES;
				CLANG_WARN_INT_CONVERSION = YES;
				CLANG_WARN_NON_LITERAL_NULL_CONVERSION = YES;
				CLANG_WARN_OBJC_LITERAL_CONVERSION = YES;
				CLANG_WARN_OBJC_ROOT_CLASS = YES_ERROR;
				CLANG_WARN_RANGE_LOOP_ANALYSIS = YES;
				CLANG_WARN_STRICT_PROTOTYPES = YES;
				CLANG_WARN_SUSPICIOUS_MOVE = YES;
				CLANG_WARN_UNGUARDED_AVAILABILITY = YES_AGGRESSIVE;
				CLANG_WARN_UNREACHABLE_CODE = YES;
				CLANG_WARN__DUPLICATE_METHOD_MATCH = YES;
				CODE_SIGN_IDENTITY = "iPhone Developer";
				COPY_PHASE_STRIP = NO;
				DEBUG_INFORMATION_FORMAT = "dwarf-with-dsym";
				ENABLE_NS_ASSERTIONS = NO;
				ENABLE_STRICT_OBJC_MSGSEND = YES;
				GCC_C_LANGUAGE_STANDARD = gnu11;
				GCC_NO_COMMON_BLOCKS = YES;
				GCC_WARN_64_TO_32_BIT_CONVERSION = YES;
				GCC_WARN_ABOUT_RETURN_TYPE = YES_ERROR;
				GCC_WARN_UNDECLARED_SELECTOR = YES;
				GCC_WARN_UNINITIALIZED_AUTOS = YES_AGGRESSIVE;
				GCC_WARN_UNUSED_FUNCTION = YES;
				GCC_WARN_UNUSED_VARIABLE = YES;
				IPHONEOS_DEPLOYMENT_TARGET = 11.2;
				MTL_ENABLE_DEBUG_INFO = NO;
				SDKROOT = iphoneos;
				SWIFT_OPTIMIZATION_LEVEL = "-Owholemodule";
				VALIDATE_PRODUCT = YES;
			};
			name = Release;
		};
		552833F42052ECA200AF90C7 /* Debug */ = {
			isa = XCBuildConfiguration;
			buildSettings = {
				ASSETCATALOG_COMPILER_APPICON_NAME = AppIcon;
				CODE_SIGN_STYLE = Automatic;
				DEVELOPMENT_TEAM = 2S8MRVDW7T;
				INFOPLIST_FILE = Muskle/Info.plist;
				LD_RUNPATH_SEARCH_PATHS = "$(inherited) @executable_path/Frameworks";
				PRODUCT_BUNDLE_IDENTIFIER = com.thomasdomingues.Muskle;
				PRODUCT_NAME = "$(TARGET_NAME)";
				SWIFT_VERSION = 4.0;
				TARGETED_DEVICE_FAMILY = "1,2";
			};
			name = Debug;
		};
		552833F52052ECA200AF90C7 /* Release */ = {
			isa = XCBuildConfiguration;
			buildSettings = {
				ASSETCATALOG_COMPILER_APPICON_NAME = AppIcon;
				CODE_SIGN_STYLE = Automatic;
				DEVELOPMENT_TEAM = 2S8MRVDW7T;
				INFOPLIST_FILE = Muskle/Info.plist;
				LD_RUNPATH_SEARCH_PATHS = "$(inherited) @executable_path/Frameworks";
				PRODUCT_BUNDLE_IDENTIFIER = com.thomasdomingues.Muskle;
				PRODUCT_NAME = "$(TARGET_NAME)";
				SWIFT_VERSION = 4.0;
				TARGETED_DEVICE_FAMILY = "1,2";
			};
			name = Release;
		};
		552833F72052ECA200AF90C7 /* Debug */ = {
			isa = XCBuildConfiguration;
			buildSettings = {
				ALWAYS_EMBED_SWIFT_STANDARD_LIBRARIES = YES;
				BUNDLE_LOADER = "$(TEST_HOST)";
				CODE_SIGN_STYLE = Automatic;
				DEVELOPMENT_TEAM = 2S8MRVDW7T;
				INFOPLIST_FILE = MuskleTests/Info.plist;
				LD_RUNPATH_SEARCH_PATHS = "$(inherited) @executable_path/Frameworks @loader_path/Frameworks";
				PRODUCT_BUNDLE_IDENTIFIER = com.thomasdomingues.MuskleTests;
				PRODUCT_NAME = "$(TARGET_NAME)";
				SWIFT_VERSION = 4.0;
				TARGETED_DEVICE_FAMILY = "1,2";
				TEST_HOST = "$(BUILT_PRODUCTS_DIR)/Muskle.app/Muskle";
			};
			name = Debug;
		};
		552833F82052ECA200AF90C7 /* Release */ = {
			isa = XCBuildConfiguration;
			buildSettings = {
				ALWAYS_EMBED_SWIFT_STANDARD_LIBRARIES = YES;
				BUNDLE_LOADER = "$(TEST_HOST)";
				CODE_SIGN_STYLE = Automatic;
				DEVELOPMENT_TEAM = 2S8MRVDW7T;
				INFOPLIST_FILE = MuskleTests/Info.plist;
				LD_RUNPATH_SEARCH_PATHS = "$(inherited) @executable_path/Frameworks @loader_path/Frameworks";
				PRODUCT_BUNDLE_IDENTIFIER = com.thomasdomingues.MuskleTests;
				PRODUCT_NAME = "$(TARGET_NAME)";
				SWIFT_VERSION = 4.0;
				TARGETED_DEVICE_FAMILY = "1,2";
				TEST_HOST = "$(BUILT_PRODUCTS_DIR)/Muskle.app/Muskle";
			};
			name = Release;
		};
		552833FA2052ECA200AF90C7 /* Debug */ = {
			isa = XCBuildConfiguration;
			buildSettings = {
				ALWAYS_EMBED_SWIFT_STANDARD_LIBRARIES = YES;
				CODE_SIGN_STYLE = Automatic;
				DEVELOPMENT_TEAM = 2S8MRVDW7T;
				INFOPLIST_FILE = MuskleUITests/Info.plist;
				LD_RUNPATH_SEARCH_PATHS = "$(inherited) @executable_path/Frameworks @loader_path/Frameworks";
				PRODUCT_BUNDLE_IDENTIFIER = com.thomasdomingues.MuskleUITests;
				PRODUCT_NAME = "$(TARGET_NAME)";
				SWIFT_VERSION = 4.0;
				TARGETED_DEVICE_FAMILY = "1,2";
				TEST_TARGET_NAME = Muskle;
			};
			name = Debug;
		};
		552833FB2052ECA200AF90C7 /* Release */ = {
			isa = XCBuildConfiguration;
			buildSettings = {
				ALWAYS_EMBED_SWIFT_STANDARD_LIBRARIES = YES;
				CODE_SIGN_STYLE = Automatic;
				DEVELOPMENT_TEAM = 2S8MRVDW7T;
				INFOPLIST_FILE = MuskleUITests/Info.plist;
				LD_RUNPATH_SEARCH_PATHS = "$(inherited) @executable_path/Frameworks @loader_path/Frameworks";
				PRODUCT_BUNDLE_IDENTIFIER = com.thomasdomingues.MuskleUITests;
				PRODUCT_NAME = "$(TARGET_NAME)";
				SWIFT_VERSION = 4.0;
				TARGETED_DEVICE_FAMILY = "1,2";
				TEST_TARGET_NAME = Muskle;
			};
			name = Release;
		};
/* End XCBuildConfiguration section */

/* Begin XCConfigurationList section */
		552833C62052ECA100AF90C7 /* Build configuration list for PBXProject "Muskle" */ = {
			isa = XCConfigurationList;
			buildConfigurations = (
				552833F12052ECA200AF90C7 /* Debug */,
				552833F22052ECA200AF90C7 /* Release */,
			);
			defaultConfigurationIsVisible = 0;
			defaultConfigurationName = Release;
		};
		552833F32052ECA200AF90C7 /* Build configuration list for PBXNativeTarget "Muskle" */ = {
			isa = XCConfigurationList;
			buildConfigurations = (
				552833F42052ECA200AF90C7 /* Debug */,
				552833F52052ECA200AF90C7 /* Release */,
			);
			defaultConfigurationIsVisible = 0;
			defaultConfigurationName = Release;
		};
		552833F62052ECA200AF90C7 /* Build configuration list for PBXNativeTarget "MuskleTests" */ = {
			isa = XCConfigurationList;
			buildConfigurations = (
				552833F72052ECA200AF90C7 /* Debug */,
				552833F82052ECA200AF90C7 /* Release */,
			);
			defaultConfigurationIsVisible = 0;
			defaultConfigurationName = Release;
		};
		552833F92052ECA200AF90C7 /* Build configuration list for PBXNativeTarget "MuskleUITests" */ = {
			isa = XCConfigurationList;
			buildConfigurations = (
				552833FA2052ECA200AF90C7 /* Debug */,
				552833FB2052ECA200AF90C7 /* Release */,
			);
			defaultConfigurationIsVisible = 0;
			defaultConfigurationName = Release;
		};
/* End XCConfigurationList section */
	};
	rootObject = 552833C32052ECA100AF90C7 /* Project object */;
}
